Microsoft Visual Studio Solution File, Format Version 12.00
# Visual Studio Version 17
VisualStudioVersion = 17.8.34511.84
MinimumVisualStudioVersion = 10.0.40219.1
Project("{2150E333-8FDC-42A3-9474-1A3956D46DE8}") = "1. FrontEnd", "1. FrontEnd", "{0DA83947-CD95-48CD-8F77-1B69A0CE8C0B}"
EndProject
Project("{2150E333-8FDC-42A3-9474-1A3956D46DE8}") = "2. Backend", "2. Backend", "{76CF0651-8C6B-41A2-A89F-A4AC74D1A1DE}"
EndProject
Project("{9A19103F-16F7-4668-BE54-9A1E7A4F7556}") = "FilePocket.Domain", "src\FilePocket.Domain\FilePocket.Domain.csproj", "{E6C3ECC1-110E-41A9-AAAA-CC477DA0491B}"
EndProject
Project("{9A19103F-16F7-4668-BE54-9A1E7A4F7556}") = "FilePocket.Contracts", "src\FilePocket.Contracts\FilePocket.Contracts.csproj", "{FC2C0DEF-B009-49B6-843F-96213A157ACE}"
EndProject
Project("{9A19103F-16F7-4668-BE54-9A1E7A4F7556}") = "FilePocket.DataAccess", "src\FilePocket.DataAccess\FilePocket.DataAccess.csproj", "{65FE4C94-13D2-42CE-8E01-755D8C918EB1}"
EndProject
Project("{9A19103F-16F7-4668-BE54-9A1E7A4F7556}") = "FilePocket.Host", "src\FilePocket.Host\FilePocket.Host.csproj", "{5DB3D976-4A97-436C-97F8-5F6E60089153}"
EndProject
Project("{9A19103F-16F7-4668-BE54-9A1E7A4F7556}") = "FilePocket.WebApi", "src\FilePocket.WebApi\FilePocket.WebApi.csproj", "{F7F5202E-5675-4F29-A7F2-A68A4CD4CE9B}"
EndProject
Project("{9A19103F-16F7-4668-BE54-9A1E7A4F7556}") = "FilePocket.Shared", "src\FilePocket.Shared\FilePocket.Shared.csproj", "{D71D0BBC-2B89-442A-B881-267B2AEBE31C}"
EndProject
Project("{9A19103F-16F7-4668-BE54-9A1E7A4F7556}") = "FilePocket.Application", "src\FilePocket.Application\FilePocket.Application.csproj", "{4B38AA2A-CAF5-4CC4-9FB9-382C8AB63EEE}"
EndProject
Project("{9A19103F-16F7-4668-BE54-9A1E7A4F7556}") = "FilePocket.Client", "src\FilePocket.Client\FilePocket.Client.csproj", "{76DBF0FA-E371-4999-91A4-45C4AE24770C}"
EndProject
Project("{2150E333-8FDC-42A3-9474-1A3956D46DE8}") = "3.Tests", "3.Tests", "{AA3F99C7-B060-4C0E-91C3-41F60E202537}"
EndProject
Project("{FAE04EC0-301F-11D3-BF4B-00C04F79EFBC}") = "FilePocket.Application.IntegrationTests", "tests\FilePocket.Application.IntegrationTests\FilePocket.Application.IntegrationTests.csproj", "{78951EE3-BBF1-4D4C-8766-1513F2DCB672}"
EndProject
Global
	GlobalSection(SolutionConfigurationPlatforms) = preSolution
		Debug|Any CPU = Debug|Any CPU
		Debug|x64 = Debug|x64
		Release|Any CPU = Release|Any CPU
		Release|x64 = Release|x64
	EndGlobalSection
	GlobalSection(ProjectConfigurationPlatforms) = postSolution
		{E6C3ECC1-110E-41A9-AAAA-CC477DA0491B}.Debug|Any CPU.ActiveCfg = Debug|Any CPU
		{E6C3ECC1-110E-41A9-AAAA-CC477DA0491B}.Debug|Any CPU.Build.0 = Debug|Any CPU
		{E6C3ECC1-110E-41A9-AAAA-CC477DA0491B}.Debug|x64.ActiveCfg = Debug|x64
		{E6C3ECC1-110E-41A9-AAAA-CC477DA0491B}.Debug|x64.Build.0 = Debug|x64
		{E6C3ECC1-110E-41A9-AAAA-CC477DA0491B}.Release|Any CPU.ActiveCfg = Release|Any CPU
		{E6C3ECC1-110E-41A9-AAAA-CC477DA0491B}.Release|Any CPU.Build.0 = Release|Any CPU
		{E6C3ECC1-110E-41A9-AAAA-CC477DA0491B}.Release|x64.ActiveCfg = Release|x64
		{E6C3ECC1-110E-41A9-AAAA-CC477DA0491B}.Release|x64.Build.0 = Release|x64
		{FC2C0DEF-B009-49B6-843F-96213A157ACE}.Debug|Any CPU.ActiveCfg = Debug|Any CPU
		{FC2C0DEF-B009-49B6-843F-96213A157ACE}.Debug|Any CPU.Build.0 = Debug|Any CPU
		{FC2C0DEF-B009-49B6-843F-96213A157ACE}.Debug|x64.ActiveCfg = Debug|x64
		{FC2C0DEF-B009-49B6-843F-96213A157ACE}.Debug|x64.Build.0 = Debug|x64
		{FC2C0DEF-B009-49B6-843F-96213A157ACE}.Release|Any CPU.ActiveCfg = Release|Any CPU
		{FC2C0DEF-B009-49B6-843F-96213A157ACE}.Release|Any CPU.Build.0 = Release|Any CPU
		{FC2C0DEF-B009-49B6-843F-96213A157ACE}.Release|x64.ActiveCfg = Release|x64
		{FC2C0DEF-B009-49B6-843F-96213A157ACE}.Release|x64.Build.0 = Release|x64
		{65FE4C94-13D2-42CE-8E01-755D8C918EB1}.Debug|Any CPU.ActiveCfg = Debug|Any CPU
		{65FE4C94-13D2-42CE-8E01-755D8C918EB1}.Debug|Any CPU.Build.0 = Debug|Any CPU
		{65FE4C94-13D2-42CE-8E01-755D8C918EB1}.Debug|x64.ActiveCfg = Debug|x64
		{65FE4C94-13D2-42CE-8E01-755D8C918EB1}.Debug|x64.Build.0 = Debug|x64
		{65FE4C94-13D2-42CE-8E01-755D8C918EB1}.Release|Any CPU.ActiveCfg = Release|Any CPU
		{65FE4C94-13D2-42CE-8E01-755D8C918EB1}.Release|Any CPU.Build.0 = Release|Any CPU
		{65FE4C94-13D2-42CE-8E01-755D8C918EB1}.Release|x64.ActiveCfg = Release|x64
		{65FE4C94-13D2-42CE-8E01-755D8C918EB1}.Release|x64.Build.0 = Release|x64
		{5DB3D976-4A97-436C-97F8-5F6E60089153}.Debug|Any CPU.ActiveCfg = Debug|Any CPU
		{5DB3D976-4A97-436C-97F8-5F6E60089153}.Debug|Any CPU.Build.0 = Debug|Any CPU
		{5DB3D976-4A97-436C-97F8-5F6E60089153}.Debug|x64.ActiveCfg = Debug|x64
		{5DB3D976-4A97-436C-97F8-5F6E60089153}.Debug|x64.Build.0 = Debug|x64
		{5DB3D976-4A97-436C-97F8-5F6E60089153}.Release|Any CPU.ActiveCfg = Release|Any CPU
		{5DB3D976-4A97-436C-97F8-5F6E60089153}.Release|Any CPU.Build.0 = Release|Any CPU
		{5DB3D976-4A97-436C-97F8-5F6E60089153}.Release|x64.ActiveCfg = Release|x64
		{5DB3D976-4A97-436C-97F8-5F6E60089153}.Release|x64.Build.0 = Release|x64
		{F7F5202E-5675-4F29-A7F2-A68A4CD4CE9B}.Debug|Any CPU.ActiveCfg = Debug|Any CPU
		{F7F5202E-5675-4F29-A7F2-A68A4CD4CE9B}.Debug|Any CPU.Build.0 = Debug|Any CPU
		{F7F5202E-5675-4F29-A7F2-A68A4CD4CE9B}.Debug|x64.ActiveCfg = Debug|x64
		{F7F5202E-5675-4F29-A7F2-A68A4CD4CE9B}.Debug|x64.Build.0 = Debug|x64
		{F7F5202E-5675-4F29-A7F2-A68A4CD4CE9B}.Release|Any CPU.ActiveCfg = Release|Any CPU
		{F7F5202E-5675-4F29-A7F2-A68A4CD4CE9B}.Release|Any CPU.Build.0 = Release|Any CPU
		{F7F5202E-5675-4F29-A7F2-A68A4CD4CE9B}.Release|x64.ActiveCfg = Release|x64
		{F7F5202E-5675-4F29-A7F2-A68A4CD4CE9B}.Release|x64.Build.0 = Release|x64
		{D71D0BBC-2B89-442A-B881-267B2AEBE31C}.Debug|Any CPU.ActiveCfg = Debug|Any CPU
		{D71D0BBC-2B89-442A-B881-267B2AEBE31C}.Debug|Any CPU.Build.0 = Debug|Any CPU
		{D71D0BBC-2B89-442A-B881-267B2AEBE31C}.Debug|x64.ActiveCfg = Debug|x64
		{D71D0BBC-2B89-442A-B881-267B2AEBE31C}.Debug|x64.Build.0 = Debug|x64
		{D71D0BBC-2B89-442A-B881-267B2AEBE31C}.Release|Any CPU.ActiveCfg = Release|Any CPU
		{D71D0BBC-2B89-442A-B881-267B2AEBE31C}.Release|Any CPU.Build.0 = Release|Any CPU
		{D71D0BBC-2B89-442A-B881-267B2AEBE31C}.Release|x64.ActiveCfg = Release|x64
		{D71D0BBC-2B89-442A-B881-267B2AEBE31C}.Release|x64.Build.0 = Release|x64
		{4B38AA2A-CAF5-4CC4-9FB9-382C8AB63EEE}.Debug|Any CPU.ActiveCfg = Debug|Any CPU
		{4B38AA2A-CAF5-4CC4-9FB9-382C8AB63EEE}.Debug|Any CPU.Build.0 = Debug|Any CPU
		{4B38AA2A-CAF5-4CC4-9FB9-382C8AB63EEE}.Debug|x64.ActiveCfg = Debug|x64
		{4B38AA2A-CAF5-4CC4-9FB9-382C8AB63EEE}.Debug|x64.Build.0 = Debug|x64
		{4B38AA2A-CAF5-4CC4-9FB9-382C8AB63EEE}.Release|Any CPU.ActiveCfg = Release|Any CPU
		{4B38AA2A-CAF5-4CC4-9FB9-382C8AB63EEE}.Release|Any CPU.Build.0 = Release|Any CPU
		{4B38AA2A-CAF5-4CC4-9FB9-382C8AB63EEE}.Release|x64.ActiveCfg = Release|x64
		{4B38AA2A-CAF5-4CC4-9FB9-382C8AB63EEE}.Release|x64.Build.0 = Release|x64
		{76DBF0FA-E371-4999-91A4-45C4AE24770C}.Debug|Any CPU.ActiveCfg = Debug|Any CPU
		{76DBF0FA-E371-4999-91A4-45C4AE24770C}.Debug|Any CPU.Build.0 = Debug|Any CPU
		{76DBF0FA-E371-4999-91A4-45C4AE24770C}.Debug|x64.ActiveCfg = Debug|Any CPU
		{76DBF0FA-E371-4999-91A4-45C4AE24770C}.Debug|x64.Build.0 = Debug|Any CPU
		{76DBF0FA-E371-4999-91A4-45C4AE24770C}.Release|Any CPU.ActiveCfg = Release|Any CPU
		{76DBF0FA-E371-4999-91A4-45C4AE24770C}.Release|Any CPU.Build.0 = Release|Any CPU
		{76DBF0FA-E371-4999-91A4-45C4AE24770C}.Release|x64.ActiveCfg = Release|Any CPU
		{76DBF0FA-E371-4999-91A4-45C4AE24770C}.Release|x64.Build.0 = Release|Any CPU
		{78951EE3-BBF1-4D4C-8766-1513F2DCB672}.Debug|Any CPU.ActiveCfg = Debug|Any CPU
		{78951EE3-BBF1-4D4C-8766-1513F2DCB672}.Debug|Any CPU.Build.0 = Debug|Any CPU
		{78951EE3-BBF1-4D4C-8766-1513F2DCB672}.Debug|x64.ActiveCfg = Debug|Any CPU
		{78951EE3-BBF1-4D4C-8766-1513F2DCB672}.Debug|x64.Build.0 = Debug|Any CPU
		{78951EE3-BBF1-4D4C-8766-1513F2DCB672}.Release|Any CPU.ActiveCfg = Release|Any CPU
		{78951EE3-BBF1-4D4C-8766-1513F2DCB672}.Release|Any CPU.Build.0 = Release|Any CPU
		{78951EE3-BBF1-4D4C-8766-1513F2DCB672}.Release|x64.ActiveCfg = Release|Any CPU
		{78951EE3-BBF1-4D4C-8766-1513F2DCB672}.Release|x64.Build.0 = Release|Any CPU
	EndGlobalSection
	GlobalSection(SolutionProperties) = preSolution
		HideSolutionNode = FALSE
	EndGlobalSection
	GlobalSection(NestedProjects) = preSolution
		{E6C3ECC1-110E-41A9-AAAA-CC477DA0491B} = {76CF0651-8C6B-41A2-A89F-A4AC74D1A1DE}
		{FC2C0DEF-B009-49B6-843F-96213A157ACE} = {76CF0651-8C6B-41A2-A89F-A4AC74D1A1DE}
		{65FE4C94-13D2-42CE-8E01-755D8C918EB1} = {76CF0651-8C6B-41A2-A89F-A4AC74D1A1DE}
		{5DB3D976-4A97-436C-97F8-5F6E60089153} = {76CF0651-8C6B-41A2-A89F-A4AC74D1A1DE}
		{F7F5202E-5675-4F29-A7F2-A68A4CD4CE9B} = {76CF0651-8C6B-41A2-A89F-A4AC74D1A1DE}
		{D71D0BBC-2B89-442A-B881-267B2AEBE31C} = {76CF0651-8C6B-41A2-A89F-A4AC74D1A1DE}
		{4B38AA2A-CAF5-4CC4-9FB9-382C8AB63EEE} = {76CF0651-8C6B-41A2-A89F-A4AC74D1A1DE}
		{76DBF0FA-E371-4999-91A4-45C4AE24770C} = {0DA83947-CD95-48CD-8F77-1B69A0CE8C0B}
		{78951EE3-BBF1-4D4C-8766-1513F2DCB672} = {AA3F99C7-B060-4C0E-91C3-41F60E202537}
	EndGlobalSection
	GlobalSection(ExtensibilityGlobals) = postSolution
		SolutionGuid = {A0BCF19C-C939-40F1-B3B8-3AC28471F554}
	EndGlobalSection
EndGlobal
