Microsoft Visual Studio Solution File, Format Version 12.00
# Visual Studio Version 17
VisualStudioVersion = 17.8.34511.84
MinimumVisualStudioVersion = 10.0.40219.1
Project("{9A19103F-16F7-4668-BE54-9A1E7A4F7556}") = "FilePocket.Domain", "src\FilePocket.Domain\FilePocket.Domain.csproj", "{E6C3ECC1-110E-41A9-AAAA-CC477DA0491B}"
EndProject
Project("{9A19103F-16F7-4668-BE54-9A1E7A4F7556}") = "FilePocket.Contracts", "src\FilePocket.Contracts\FilePocket.Contracts.csproj", "{FC2C0DEF-B009-49B6-843F-96213A157ACE}"
EndProject
Project("{9A19103F-16F7-4668-BE54-9A1E7A4F7556}") = "FilePocket.Host", "src\FilePocket.Host\FilePocket.Host.csproj", "{5DB3D976-4A97-436C-97F8-5F6E60089153}"
EndProject
Project("{9A19103F-16F7-4668-BE54-9A1E7A4F7556}") = "FilePocket.WebApi", "src\FilePocket.WebApi\FilePocket.WebApi.csproj", "{F7F5202E-5675-4F29-A7F2-A68A4CD4CE9B}"
EndProject
Project("{9A19103F-16F7-4668-BE54-9A1E7A4F7556}") = "FilePocket.Application", "src\FilePocket.Application\FilePocket.Application.csproj", "{4B38AA2A-CAF5-4CC4-9FB9-382C8AB63EEE}"
EndProject
Project("{9A19103F-16F7-4668-BE54-9A1E7A4F7556}") = "FilePocket.BlazorClient", "src\FilePocket.BlazorClient\FilePocket.BlazorClient.csproj", "{76DBF0FA-E371-4999-91A4-45C4AE24770C}"
EndProject
Project("{2150E333-8FDC-42A3-9474-1A3956D46DE8}") = "6. Tests", "6. Tests", "{AA3F99C7-B060-4C0E-91C3-41F60E202537}"
EndProject
Project("{FAE04EC0-301F-11D3-BF4B-00C04F79EFBC}") = "FilePocket.Application.Tests", "tests\FilePocket.Application.Tests\FilePocket.Application.Tests.csproj", "{78951EE3-BBF1-4D4C-8766-1513F2DCB672}"
EndProject
Project("{2150E333-8FDC-42A3-9474-1A3956D46DE8}") = "1. Core", "1. Core", "{02EA681E-C7D8-13C7-8484-4AC65E1B71E8}"
EndProject
Project("{2150E333-8FDC-42A3-9474-1A3956D46DE8}") = "2. Infrastructure", "2. Infrastructure", "{A63F944B-1AD6-4C37-B450-A54902106CF9}"
EndProject
Project("{2150E333-8FDC-42A3-9474-1A3956D46DE8}") = "3. Contracts", "3. Contracts", "{1CBB3938-E597-45C1-992B-531F5272E052}"
EndProject
Project("{2150E333-8FDC-42A3-9474-1A3956D46DE8}") = "4. API", "4. API", "{CBB68405-F735-403A-B491-95C1F9CA318D}"
EndProject
Project("{2150E333-8FDC-42A3-9474-1A3956D46DE8}") = "5. UI", "5. UI", "{F7176EE8-F1B7-4FEB-9327-27A7F752B4A5}"
EndProject
Project("{FAE04EC0-301F-11D3-BF4B-00C04F79EFBC}") = "FilePocket.Infrastructure", "src\FilePocket.Infrastructure\FilePocket.Infrastructure.csproj", "{D50F112C-5289-5547-3F4A-209BC6CC6880}"
EndProject
Project("{FAE04EC0-301F-11D3-BF4B-00C04F79EFBC}") = "FilePocket.Persistence", "src\FilePocket.Persistence\FilePocket.Persistence.csproj", "{85347D4C-8C13-6B19-5951-E4BDC029D111}"
EndProject
Project("{FAE04EC0-301F-11D3-BF4B-00C04F79EFBC}") = "FilePocket.Infrastructure.Common", "src\FilePocket.Infrastructure.Common\FilePocket.Infrastructure.Common.csproj", "{64FF567C-0D47-482A-B1CA-4497544FCA1B}"
EndProject
Global
	GlobalSection(SolutionConfigurationPlatforms) = preSolution
		Debug|Any CPU = Debug|Any CPU
		Debug|x64 = Debug|x64
		Release|Any CPU = Release|Any CPU
		Release|x64 = Release|x64
	EndGlobalSection
	GlobalSection(ProjectConfigurationPlatforms) = postSolution
		{E6C3ECC1-110E-41A9-AAAA-CC477DA0491B}.Debug|Any CPU.ActiveCfg = Debug|Any CPU
		{E6C3ECC1-110E-41A9-AAAA-CC477DA0491B}.Debug|Any CPU.Build.0 = Debug|Any CPU
		{E6C3ECC1-110E-41A9-AAAA-CC477DA0491B}.Debug|x64.ActiveCfg = Debug|x64
		{E6C3ECC1-110E-41A9-AAAA-CC477DA0491B}.Debug|x64.Build.0 = Debug|x64
		{E6C3ECC1-110E-41A9-AAAA-CC477DA0491B}.Release|Any CPU.ActiveCfg = Release|Any CPU
		{E6C3ECC1-110E-41A9-AAAA-CC477DA0491B}.Release|Any CPU.Build.0 = Release|Any CPU
		{E6C3ECC1-110E-41A9-AAAA-CC477DA0491B}.Release|x64.ActiveCfg = Release|x64
		{E6C3ECC1-110E-41A9-AAAA-CC477DA0491B}.Release|x64.Build.0 = Release|x64
		{FC2C0DEF-B009-49B6-843F-96213A157ACE}.Debug|Any CPU.ActiveCfg = Debug|Any CPU
		{FC2C0DEF-B009-49B6-843F-96213A157ACE}.Debug|Any CPU.Build.0 = Debug|Any CPU
		{FC2C0DEF-B009-49B6-843F-96213A157ACE}.Debug|x64.ActiveCfg = Debug|x64
		{FC2C0DEF-B009-49B6-843F-96213A157ACE}.Debug|x64.Build.0 = Debug|x64
		{FC2C0DEF-B009-49B6-843F-96213A157ACE}.Release|Any CPU.ActiveCfg = Release|Any CPU
		{FC2C0DEF-B009-49B6-843F-96213A157ACE}.Release|Any CPU.Build.0 = Release|Any CPU
		{FC2C0DEF-B009-49B6-843F-96213A157ACE}.Release|x64.ActiveCfg = Release|x64
		{FC2C0DEF-B009-49B6-843F-96213A157ACE}.Release|x64.Build.0 = Release|x64
		{5DB3D976-4A97-436C-97F8-5F6E60089153}.Debug|Any CPU.ActiveCfg = Debug|Any CPU
		{5DB3D976-4A97-436C-97F8-5F6E60089153}.Debug|Any CPU.Build.0 = Debug|Any CPU
		{5DB3D976-4A97-436C-97F8-5F6E60089153}.Debug|x64.ActiveCfg = Debug|x64
		{5DB3D976-4A97-436C-97F8-5F6E60089153}.Debug|x64.Build.0 = Debug|x64
		{5DB3D976-4A97-436C-97F8-5F6E60089153}.Release|Any CPU.ActiveCfg = Release|Any CPU
		{5DB3D976-4A97-436C-97F8-5F6E60089153}.Release|Any CPU.Build.0 = Release|Any CPU
		{5DB3D976-4A97-436C-97F8-5F6E60089153}.Release|x64.ActiveCfg = Release|x64
		{5DB3D976-4A97-436C-97F8-5F6E60089153}.Release|x64.Build.0 = Release|x64
		{F7F5202E-5675-4F29-A7F2-A68A4CD4CE9B}.Debug|Any CPU.ActiveCfg = Debug|Any CPU
		{F7F5202E-5675-4F29-A7F2-A68A4CD4CE9B}.Debug|Any CPU.Build.0 = Debug|Any CPU
		{F7F5202E-5675-4F29-A7F2-A68A4CD4CE9B}.Debug|x64.ActiveCfg = Debug|x64
		{F7F5202E-5675-4F29-A7F2-A68A4CD4CE9B}.Debug|x64.Build.0 = Debug|x64
		{F7F5202E-5675-4F29-A7F2-A68A4CD4CE9B}.Release|Any CPU.ActiveCfg = Release|Any CPU
		{F7F5202E-5675-4F29-A7F2-A68A4CD4CE9B}.Release|Any CPU.Build.0 = Release|Any CPU
		{F7F5202E-5675-4F29-A7F2-A68A4CD4CE9B}.Release|x64.ActiveCfg = Release|x64
		{F7F5202E-5675-4F29-A7F2-A68A4CD4CE9B}.Release|x64.Build.0 = Release|x64
		{4B38AA2A-CAF5-4CC4-9FB9-382C8AB63EEE}.Debug|Any CPU.ActiveCfg = Debug|Any CPU
		{4B38AA2A-CAF5-4CC4-9FB9-382C8AB63EEE}.Debug|Any CPU.Build.0 = Debug|Any CPU
		{4B38AA2A-CAF5-4CC4-9FB9-382C8AB63EEE}.Debug|x64.ActiveCfg = Debug|x64
		{4B38AA2A-CAF5-4CC4-9FB9-382C8AB63EEE}.Debug|x64.Build.0 = Debug|x64
		{4B38AA2A-CAF5-4CC4-9FB9-382C8AB63EEE}.Release|Any CPU.ActiveCfg = Release|Any CPU
		{4B38AA2A-CAF5-4CC4-9FB9-382C8AB63EEE}.Release|Any CPU.Build.0 = Release|Any CPU
		{4B38AA2A-CAF5-4CC4-9FB9-382C8AB63EEE}.Release|x64.ActiveCfg = Release|x64
		{4B38AA2A-CAF5-4CC4-9FB9-382C8AB63EEE}.Release|x64.Build.0 = Release|x64
		{76DBF0FA-E371-4999-91A4-45C4AE24770C}.Debug|Any CPU.ActiveCfg = Debug|Any CPU
		{76DBF0FA-E371-4999-91A4-45C4AE24770C}.Debug|Any CPU.Build.0 = Debug|Any CPU
		{76DBF0FA-E371-4999-91A4-45C4AE24770C}.Debug|x64.ActiveCfg = Debug|Any CPU
		{76DBF0FA-E371-4999-91A4-45C4AE24770C}.Debug|x64.Build.0 = Debug|Any CPU
		{76DBF0FA-E371-4999-91A4-45C4AE24770C}.Release|Any CPU.ActiveCfg = Release|Any CPU
		{76DBF0FA-E371-4999-91A4-45C4AE24770C}.Release|Any CPU.Build.0 = Release|Any CPU
		{76DBF0FA-E371-4999-91A4-45C4AE24770C}.Release|x64.ActiveCfg = Release|Any CPU
		{76DBF0FA-E371-4999-91A4-45C4AE24770C}.Release|x64.Build.0 = Release|Any CPU
		{78951EE3-BBF1-4D4C-8766-1513F2DCB672}.Debug|Any CPU.ActiveCfg = Debug|Any CPU
		{78951EE3-BBF1-4D4C-8766-1513F2DCB672}.Debug|Any CPU.Build.0 = Debug|Any CPU
		{78951EE3-BBF1-4D4C-8766-1513F2DCB672}.Debug|x64.ActiveCfg = Debug|Any CPU
		{78951EE3-BBF1-4D4C-8766-1513F2DCB672}.Debug|x64.Build.0 = Debug|Any CPU
		{78951EE3-BBF1-4D4C-8766-1513F2DCB672}.Release|Any CPU.ActiveCfg = Release|Any CPU
		{78951EE3-BBF1-4D4C-8766-1513F2DCB672}.Release|Any CPU.Build.0 = Release|Any CPU
		{78951EE3-BBF1-4D4C-8766-1513F2DCB672}.Release|x64.ActiveCfg = Release|Any CPU
		{78951EE3-BBF1-4D4C-8766-1513F2DCB672}.Release|x64.Build.0 = Release|Any CPU
		{D50F112C-5289-5547-3F4A-209BC6CC6880}.Debug|Any CPU.ActiveCfg = Debug|Any CPU
		{D50F112C-5289-5547-3F4A-209BC6CC6880}.Debug|Any CPU.Build.0 = Debug|Any CPU
		{D50F112C-5289-5547-3F4A-209BC6CC6880}.Debug|x64.ActiveCfg = Debug|Any CPU
		{D50F112C-5289-5547-3F4A-209BC6CC6880}.Debug|x64.Build.0 = Debug|Any CPU
		{D50F112C-5289-5547-3F4A-209BC6CC6880}.Release|Any CPU.ActiveCfg = Release|Any CPU
		{D50F112C-5289-5547-3F4A-209BC6CC6880}.Release|Any CPU.Build.0 = Release|Any CPU
		{D50F112C-5289-5547-3F4A-209BC6CC6880}.Release|x64.ActiveCfg = Release|Any CPU
		{D50F112C-5289-5547-3F4A-209BC6CC6880}.Release|x64.Build.0 = Release|Any CPU
		{85347D4C-8C13-6B19-5951-E4BDC029D111}.Debug|Any CPU.ActiveCfg = Debug|Any CPU
		{85347D4C-8C13-6B19-5951-E4BDC029D111}.Debug|Any CPU.Build.0 = Debug|Any CPU
		{85347D4C-8C13-6B19-5951-E4BDC029D111}.Debug|x64.ActiveCfg = Debug|x64
		{85347D4C-8C13-6B19-5951-E4BDC029D111}.Debug|x64.Build.0 = Debug|x64
		{85347D4C-8C13-6B19-5951-E4BDC029D111}.Release|Any CPU.ActiveCfg = Release|Any CPU
		{85347D4C-8C13-6B19-5951-E4BDC029D111}.Release|Any CPU.Build.0 = Release|Any CPU
		{85347D4C-8C13-6B19-5951-E4BDC029D111}.Release|x64.ActiveCfg = Release|x64
		{85347D4C-8C13-6B19-5951-E4BDC029D111}.Release|x64.Build.0 = Release|x64
		{64FF567C-0D47-482A-B1CA-4497544FCA1B}.Debug|Any CPU.ActiveCfg = Debug|Any CPU
		{64FF567C-0D47-482A-B1CA-4497544FCA1B}.Debug|Any CPU.Build.0 = Debug|Any CPU
		{64FF567C-0D47-482A-B1CA-4497544FCA1B}.Debug|x64.ActiveCfg = Debug|Any CPU
		{64FF567C-0D47-482A-B1CA-4497544FCA1B}.Debug|x64.Build.0 = Debug|Any CPU
		{64FF567C-0D47-482A-B1CA-4497544FCA1B}.Release|Any CPU.ActiveCfg = Release|Any CPU
		{64FF567C-0D47-482A-B1CA-4497544FCA1B}.Release|Any CPU.Build.0 = Release|Any CPU
		{64FF567C-0D47-482A-B1CA-4497544FCA1B}.Release|x64.ActiveCfg = Release|Any CPU
		{64FF567C-0D47-482A-B1CA-4497544FCA1B}.Release|x64.Build.0 = Release|Any CPU
	EndGlobalSection
	GlobalSection(SolutionProperties) = preSolution
		HideSolutionNode = FALSE
	EndGlobalSection
	GlobalSection(NestedProjects) = preSolution
		{E6C3ECC1-110E-41A9-AAAA-CC477DA0491B} = {02EA681E-C7D8-13C7-8484-4AC65E1B71E8}
		{FC2C0DEF-B009-49B6-843F-96213A157ACE} = {1CBB3938-E597-45C1-992B-531F5272E052}
		{5DB3D976-4A97-436C-97F8-5F6E60089153} = {CBB68405-F735-403A-B491-95C1F9CA318D}
		{F7F5202E-5675-4F29-A7F2-A68A4CD4CE9B} = {CBB68405-F735-403A-B491-95C1F9CA318D}
		{4B38AA2A-CAF5-4CC4-9FB9-382C8AB63EEE} = {02EA681E-C7D8-13C7-8484-4AC65E1B71E8}
		{76DBF0FA-E371-4999-91A4-45C4AE24770C} = {F7176EE8-F1B7-4FEB-9327-27A7F752B4A5}
		{78951EE3-BBF1-4D4C-8766-1513F2DCB672} = {AA3F99C7-B060-4C0E-91C3-41F60E202537}
		{D50F112C-5289-5547-3F4A-209BC6CC6880} = {A63F944B-1AD6-4C37-B450-A54902106CF9}
		{85347D4C-8C13-6B19-5951-E4BDC029D111} = {A63F944B-1AD6-4C37-B450-A54902106CF9}
		{64FF567C-0D47-482A-B1CA-4497544FCA1B} = {A63F944B-1AD6-4C37-B450-A54902106CF9}
	EndGlobalSection
	GlobalSection(ExtensibilityGlobals) = postSolution
		SolutionGuid = {A0BCF19C-C939-40F1-B3B8-3AC28471F554}
	EndGlobalSection
EndGlobal
